
Microsoft Visual Studio Solution File, Format Version 12.00
# Visual Studio 14
VisualStudioVersion = 14.0.25123.0
MinimumVisualStudioVersion = 10.0.40219.1
Project("{FAE04EC0-301F-11D3-BF4B-00C04F79EFBC}") = "TransmissionRemote.RPC", "TransmissionRemote.RPC\TransmissionRemote.RPC.csproj", "{83A240A8-BF1D-49CE-85F0-42197CE7C209}"
EndProject
Project("{FAE04EC0-301F-11D3-BF4B-00C04F79EFBC}") = "TransmissionRemote.RPC.Tests", "TransmissionRemote.RPC.Tests\TransmissionRemote.RPC.Tests.csproj", "{F66C4D93-DA59-4E3C-A618-8E07BF8E098A}"
EndProject
Project("{FAE04EC0-301F-11D3-BF4B-00C04F79EFBC}") = "TransmissionFluid", "TransmissionFluid\TransmissionFluid.csproj", "{37F5EBF0-7C8A-4DD3-82DB-D705BAE13697}"
EndProject
Global
	GlobalSection(SolutionConfigurationPlatforms) = preSolution
		Debug|Any CPU = Debug|Any CPU
		Release|Any CPU = Release|Any CPU
	EndGlobalSection
	GlobalSection(ProjectConfigurationPlatforms) = postSolution
		{83A240A8-BF1D-49CE-85F0-42197CE7C209}.Debug|Any CPU.ActiveCfg = Debug|Any CPU
		{83A240A8-BF1D-49CE-85F0-42197CE7C209}.Debug|Any CPU.Build.0 = Debug|Any CPU
		{83A240A8-BF1D-49CE-85F0-42197CE7C209}.Release|Any CPU.ActiveCfg = Release|Any CPU
		{83A240A8-BF1D-49CE-85F0-42197CE7C209}.Release|Any CPU.Build.0 = Release|Any CPU
		{F66C4D93-DA59-4E3C-A618-8E07BF8E098A}.Debug|Any CPU.ActiveCfg = Debug|Any CPU
		{F66C4D93-DA59-4E3C-A618-8E07BF8E098A}.Debug|Any CPU.Build.0 = Debug|Any CPU
		{F66C4D93-DA59-4E3C-A618-8E07BF8E098A}.Release|Any CPU.ActiveCfg = Release|Any CPU
		{F66C4D93-DA59-4E3C-A618-8E07BF8E098A}.Release|Any CPU.Build.0 = Release|Any CPU
		{37F5EBF0-7C8A-4DD3-82DB-D705BAE13697}.Debug|Any CPU.ActiveCfg = Debug|Any CPU
		{37F5EBF0-7C8A-4DD3-82DB-D705BAE13697}.Debug|Any CPU.Build.0 = Debug|Any CPU
		{37F5EBF0-7C8A-4DD3-82DB-D705BAE13697}.Release|Any CPU.ActiveCfg = Release|Any CPU
		{37F5EBF0-7C8A-4DD3-82DB-D705BAE13697}.Release|Any CPU.Build.0 = Release|Any CPU
	EndGlobalSection
	GlobalSection(SolutionProperties) = preSolution
		HideSolutionNode = FALSE
	EndGlobalSection
EndGlobal
